
Microsoft Visual Studio Solution File, Format Version 12.00
# Visual Studio 15
VisualStudioVersion = 15.0.27130.2027
MinimumVisualStudioVersion = 10.0.40219.1
Project("{9A19103F-16F7-4668-BE54-9A1E7A4F7556}") = "Biz.Morsink.Rest.AspNetCore", "Biz.Morsink.Rest.AspNetCore\Biz.Morsink.Rest.AspNetCore.csproj", "{D029E537-DB4D-40D3-B2E2-E805F327C103}"
EndProject
Project("{9A19103F-16F7-4668-BE54-9A1E7A4F7556}") = "Biz.Morsink.Rest", "Biz.Morsink.Rest\Biz.Morsink.Rest.csproj", "{B08C4965-1FEA-477A-9DFF-78C4C248C823}"
EndProject
Project("{9A19103F-16F7-4668-BE54-9A1E7A4F7556}") = "Biz.Morsink.Rest.Test", "Biz.Morsink.Rest.Test\Biz.Morsink.Rest.Test.csproj", "{125C7F90-A223-4368-A7B4-0D4F562E0013}"
EndProject
Project("{9A19103F-16F7-4668-BE54-9A1E7A4F7556}") = "Biz.Morsink.Rest.AspNetCore.Test", "Biz.Morsink.Rest.AspNetCore.Test\Biz.Morsink.Rest.AspNetCore.Test.csproj", "{17D91349-2BCE-4211-9A7E-52048FB741F9}"
EndProject
Project("{9A19103F-16F7-4668-BE54-9A1E7A4F7556}") = "Biz.Morsink.Rest.HttpConverter.Json", "Biz.Morsink.Rest.HttpConverter.Json\Biz.Morsink.Rest.HttpConverter.Json.csproj", "{DC25F41B-1445-4606-B40E-88D0938A6733}"
EndProject
Project("{9A19103F-16F7-4668-BE54-9A1E7A4F7556}") = "Biz.Morsink.Rest.ExampleWebApp", "Biz.Morsink.Rest.ExampleWebApp\Biz.Morsink.Rest.ExampleWebApp.csproj", "{B815682F-68EF-413C-9FB0-2FCDBE55A0C2}"
EndProject
Project("{9A19103F-16F7-4668-BE54-9A1E7A4F7556}") = "Biz.Morsink.Rest.HttpConverter.Xml", "Biz.Morsink.Rest.HttpConverter.Xml\Biz.Morsink.Rest.HttpConverter.Xml.csproj", "{1B835EC3-A6E0-4FF0-B7F6-FB164FC4876F}"
EndProject
Project("{9A19103F-16F7-4668-BE54-9A1E7A4F7556}") = "Biz.Morsink.Rest.HttpConverter.Xml.Test", "Biz.Morsink.Rest.HttpConverter.Xml.Test\Biz.Morsink.Rest.HttpConverter.Xml.Test.csproj", "{B7A6BA63-2738-43A3-8A22-E652A6F45211}"
EndProject
Project("{6EC3EE1D-3C4E-46DD-8F32-0CC8E7565705}") = "Biz.Morsink.Rest.FSharp.Tryout", "Biz.Morsink.Rest.FSharp.Tryout\Biz.Morsink.Rest.FSharp.Tryout.fsproj", "{AE13FDA4-EF89-4C16-ACFC-19F4D761DA9B}"
EndProject
Project("{9A19103F-16F7-4668-BE54-9A1E7A4F7556}") = "Biz.Morsink.Rest.HttpConverter.Json.Test", "Biz.Morsink.Rest.HttpConverter.Json.Test\Biz.Morsink.Rest.HttpConverter.Json.Test.csproj", "{00A25F2C-BFD2-4035-8A94-3DEA753122FC}"
EndProject
Project("{9A19103F-16F7-4668-BE54-9A1E7A4F7556}") = "Biz.Morsink.Rest.HttpConverter.Html", "Biz.Morsink.Rest.HttpConverter.Html\Biz.Morsink.Rest.HttpConverter.Html.csproj", "{96A2A7F2-089D-42EA-8D82-C54103700FBC}"
EndProject
Project("{FAE04EC0-301F-11D3-BF4B-00C04F79EFBC}") = "Biz.Morsink.Rest.HttpConverter.HalJson", "Biz.Morsink.Rest.HttpConverter.HalJson\Biz.Morsink.Rest.HttpConverter.HalJson.csproj", "{234E9152-1A7E-4D2F-8F01-D2EB514962E2}"
EndProject
Global
	GlobalSection(SolutionConfigurationPlatforms) = preSolution
		Debug|Any CPU = Debug|Any CPU
		Prerelease|Any CPU = Prerelease|Any CPU
		Release|Any CPU = Release|Any CPU
	EndGlobalSection
	GlobalSection(ProjectConfigurationPlatforms) = postSolution
		{D029E537-DB4D-40D3-B2E2-E805F327C103}.Debug|Any CPU.ActiveCfg = Debug|Any CPU
		{D029E537-DB4D-40D3-B2E2-E805F327C103}.Debug|Any CPU.Build.0 = Debug|Any CPU
		{D029E537-DB4D-40D3-B2E2-E805F327C103}.Prerelease|Any CPU.ActiveCfg = Prerelease|Any CPU
		{D029E537-DB4D-40D3-B2E2-E805F327C103}.Prerelease|Any CPU.Build.0 = Prerelease|Any CPU
		{D029E537-DB4D-40D3-B2E2-E805F327C103}.Release|Any CPU.ActiveCfg = Release|Any CPU
		{D029E537-DB4D-40D3-B2E2-E805F327C103}.Release|Any CPU.Build.0 = Release|Any CPU
		{B08C4965-1FEA-477A-9DFF-78C4C248C823}.Debug|Any CPU.ActiveCfg = Debug|Any CPU
		{B08C4965-1FEA-477A-9DFF-78C4C248C823}.Debug|Any CPU.Build.0 = Debug|Any CPU
		{B08C4965-1FEA-477A-9DFF-78C4C248C823}.Prerelease|Any CPU.ActiveCfg = Prerelease|Any CPU
		{B08C4965-1FEA-477A-9DFF-78C4C248C823}.Prerelease|Any CPU.Build.0 = Prerelease|Any CPU
		{B08C4965-1FEA-477A-9DFF-78C4C248C823}.Release|Any CPU.ActiveCfg = Release|Any CPU
		{B08C4965-1FEA-477A-9DFF-78C4C248C823}.Release|Any CPU.Build.0 = Release|Any CPU
		{125C7F90-A223-4368-A7B4-0D4F562E0013}.Debug|Any CPU.ActiveCfg = Debug|Any CPU
		{125C7F90-A223-4368-A7B4-0D4F562E0013}.Debug|Any CPU.Build.0 = Debug|Any CPU
		{125C7F90-A223-4368-A7B4-0D4F562E0013}.Prerelease|Any CPU.ActiveCfg = Prerelease|Any CPU
		{125C7F90-A223-4368-A7B4-0D4F562E0013}.Prerelease|Any CPU.Build.0 = Prerelease|Any CPU
		{125C7F90-A223-4368-A7B4-0D4F562E0013}.Release|Any CPU.ActiveCfg = Release|Any CPU
		{125C7F90-A223-4368-A7B4-0D4F562E0013}.Release|Any CPU.Build.0 = Release|Any CPU
		{17D91349-2BCE-4211-9A7E-52048FB741F9}.Debug|Any CPU.ActiveCfg = Debug|Any CPU
		{17D91349-2BCE-4211-9A7E-52048FB741F9}.Debug|Any CPU.Build.0 = Debug|Any CPU
		{17D91349-2BCE-4211-9A7E-52048FB741F9}.Prerelease|Any CPU.ActiveCfg = Prerelease|Any CPU
		{17D91349-2BCE-4211-9A7E-52048FB741F9}.Prerelease|Any CPU.Build.0 = Prerelease|Any CPU
		{17D91349-2BCE-4211-9A7E-52048FB741F9}.Release|Any CPU.ActiveCfg = Release|Any CPU
		{17D91349-2BCE-4211-9A7E-52048FB741F9}.Release|Any CPU.Build.0 = Release|Any CPU
		{DC25F41B-1445-4606-B40E-88D0938A6733}.Debug|Any CPU.ActiveCfg = Debug|Any CPU
		{DC25F41B-1445-4606-B40E-88D0938A6733}.Debug|Any CPU.Build.0 = Debug|Any CPU
		{DC25F41B-1445-4606-B40E-88D0938A6733}.Prerelease|Any CPU.ActiveCfg = Prerelease|Any CPU
		{DC25F41B-1445-4606-B40E-88D0938A6733}.Prerelease|Any CPU.Build.0 = Prerelease|Any CPU
		{DC25F41B-1445-4606-B40E-88D0938A6733}.Release|Any CPU.ActiveCfg = Release|Any CPU
		{DC25F41B-1445-4606-B40E-88D0938A6733}.Release|Any CPU.Build.0 = Release|Any CPU
		{B815682F-68EF-413C-9FB0-2FCDBE55A0C2}.Debug|Any CPU.ActiveCfg = Debug|Any CPU
		{B815682F-68EF-413C-9FB0-2FCDBE55A0C2}.Debug|Any CPU.Build.0 = Debug|Any CPU
		{B815682F-68EF-413C-9FB0-2FCDBE55A0C2}.Prerelease|Any CPU.ActiveCfg = Debug|Any CPU
		{B815682F-68EF-413C-9FB0-2FCDBE55A0C2}.Prerelease|Any CPU.Build.0 = Debug|Any CPU
		{B815682F-68EF-413C-9FB0-2FCDBE55A0C2}.Release|Any CPU.ActiveCfg = Release|Any CPU
		{B815682F-68EF-413C-9FB0-2FCDBE55A0C2}.Release|Any CPU.Build.0 = Release|Any CPU
		{1B835EC3-A6E0-4FF0-B7F6-FB164FC4876F}.Debug|Any CPU.ActiveCfg = Debug|Any CPU
		{1B835EC3-A6E0-4FF0-B7F6-FB164FC4876F}.Debug|Any CPU.Build.0 = Debug|Any CPU
		{1B835EC3-A6E0-4FF0-B7F6-FB164FC4876F}.Prerelease|Any CPU.ActiveCfg = Debug|Any CPU
		{1B835EC3-A6E0-4FF0-B7F6-FB164FC4876F}.Prerelease|Any CPU.Build.0 = Debug|Any CPU
		{1B835EC3-A6E0-4FF0-B7F6-FB164FC4876F}.Release|Any CPU.ActiveCfg = Release|Any CPU
		{1B835EC3-A6E0-4FF0-B7F6-FB164FC4876F}.Release|Any CPU.Build.0 = Release|Any CPU
		{B7A6BA63-2738-43A3-8A22-E652A6F45211}.Debug|Any CPU.ActiveCfg = Debug|Any CPU
		{B7A6BA63-2738-43A3-8A22-E652A6F45211}.Debug|Any CPU.Build.0 = Debug|Any CPU
		{B7A6BA63-2738-43A3-8A22-E652A6F45211}.Prerelease|Any CPU.ActiveCfg = Debug|Any CPU
		{B7A6BA63-2738-43A3-8A22-E652A6F45211}.Prerelease|Any CPU.Build.0 = Debug|Any CPU
		{B7A6BA63-2738-43A3-8A22-E652A6F45211}.Release|Any CPU.ActiveCfg = Release|Any CPU
		{B7A6BA63-2738-43A3-8A22-E652A6F45211}.Release|Any CPU.Build.0 = Release|Any CPU
		{AE13FDA4-EF89-4C16-ACFC-19F4D761DA9B}.Debug|Any CPU.ActiveCfg = Debug|Any CPU
		{AE13FDA4-EF89-4C16-ACFC-19F4D761DA9B}.Debug|Any CPU.Build.0 = Debug|Any CPU
		{AE13FDA4-EF89-4C16-ACFC-19F4D761DA9B}.Prerelease|Any CPU.ActiveCfg = Debug|Any CPU
		{AE13FDA4-EF89-4C16-ACFC-19F4D761DA9B}.Prerelease|Any CPU.Build.0 = Debug|Any CPU
		{AE13FDA4-EF89-4C16-ACFC-19F4D761DA9B}.Release|Any CPU.ActiveCfg = Release|Any CPU
		{AE13FDA4-EF89-4C16-ACFC-19F4D761DA9B}.Release|Any CPU.Build.0 = Release|Any CPU
		{00A25F2C-BFD2-4035-8A94-3DEA753122FC}.Debug|Any CPU.ActiveCfg = Debug|Any CPU
		{00A25F2C-BFD2-4035-8A94-3DEA753122FC}.Debug|Any CPU.Build.0 = Debug|Any CPU
		{00A25F2C-BFD2-4035-8A94-3DEA753122FC}.Prerelease|Any CPU.ActiveCfg = Debug|Any CPU
		{00A25F2C-BFD2-4035-8A94-3DEA753122FC}.Prerelease|Any CPU.Build.0 = Debug|Any CPU
		{00A25F2C-BFD2-4035-8A94-3DEA753122FC}.Release|Any CPU.ActiveCfg = Release|Any CPU
		{00A25F2C-BFD2-4035-8A94-3DEA753122FC}.Release|Any CPU.Build.0 = Release|Any CPU
		{96A2A7F2-089D-42EA-8D82-C54103700FBC}.Debug|Any CPU.ActiveCfg = Debug|Any CPU
		{96A2A7F2-089D-42EA-8D82-C54103700FBC}.Debug|Any CPU.Build.0 = Debug|Any CPU
		{96A2A7F2-089D-42EA-8D82-C54103700FBC}.Prerelease|Any CPU.ActiveCfg = Debug|Any CPU
		{96A2A7F2-089D-42EA-8D82-C54103700FBC}.Prerelease|Any CPU.Build.0 = Debug|Any CPU
		{96A2A7F2-089D-42EA-8D82-C54103700FBC}.Release|Any CPU.ActiveCfg = Release|Any CPU
		{96A2A7F2-089D-42EA-8D82-C54103700FBC}.Release|Any CPU.Build.0 = Release|Any CPU
		{234E9152-1A7E-4D2F-8F01-D2EB514962E2}.Debug|Any CPU.ActiveCfg = Debug|Any CPU
		{234E9152-1A7E-4D2F-8F01-D2EB514962E2}.Debug|Any CPU.Build.0 = Debug|Any CPU
		{234E9152-1A7E-4D2F-8F01-D2EB514962E2}.Prerelease|Any CPU.ActiveCfg = Debug|Any CPU
		{234E9152-1A7E-4D2F-8F01-D2EB514962E2}.Prerelease|Any CPU.Build.0 = Debug|Any CPU
		{234E9152-1A7E-4D2F-8F01-D2EB514962E2}.Release|Any CPU.ActiveCfg = Release|Any CPU
		{234E9152-1A7E-4D2F-8F01-D2EB514962E2}.Release|Any CPU.Build.0 = Release|Any CPU
	EndGlobalSection
	GlobalSection(SolutionProperties) = preSolution
		HideSolutionNode = FALSE
	EndGlobalSection
	GlobalSection(ExtensibilityGlobals) = postSolution
		SolutionGuid = {E2E26DE2-1BC3-41B9-95D3-979847B319E3}
	EndGlobalSection
	GlobalSection(MonoDevelopProperties) = preSolution
		Policies = $0
		$0.TextStylePolicy = $1
		$1.FileWidth = 80
		$1.TabsToSpaces = True
		$1.EolMarker = Windows
		$1.scope = text/x-csharp
		$0.CSharpFormattingPolicy = $2
		$2.scope = text/x-csharp
	EndGlobalSection
EndGlobal
